# This file was autogenerated by Stack.
# You should not edit this file by hand.
# For more information, please see the documentation at:
#   https://docs.haskellstack.org/en/stable/lock_files

packages:
- completed:
    pantry-tree:
      sha256: 03b4f69804f19727b781dd1ad161c08a9e3ba1ea56dd92297669cc3568a182c9
      size: 3241
    hackage: discord-haskell-1.15.3@sha256:093536c6d7be6460550f09802c6efd5a6bd1778bcbf467d56eeaa0d8a891bdc7,5727
  original:
    hackage: discord-haskell-1.15.3@sha256:093536c6d7be6460550f09802c6efd5a6bd1778bcbf467d56eeaa0d8a891bdc7,5727
- completed:
    pantry-tree:
      sha256: 9ade5b5911df97c37b249b84f123297049f19578cae171c647bf47683633427c
      size: 850
    hackage: base64-bytestring-1.1.0.0@sha256:190264fef9e65d9085f00ccda419137096d1dc94777c58272bc96821dc7f37c3,2334
  original:
    hackage: base64-bytestring-1.1.0.0@sha256:190264fef9e65d9085f00ccda419137096d1dc94777c58272bc96821dc7f37c3,2334
- completed:
    pantry-tree:
      sha256: dd9ea90a631342e5db0fc21331ade4d563a685e9125d5a3989eefa8e1b96c6c6
      size: 437
    hackage: emoji-0.1.0.2@sha256:d995572a5c7dcd28f98eb15c6e387a7b3bda1ac2477ab0d9dba8580d5d7b161f,1273
  original:
    hackage: emoji-0.1.0.2@sha256:d995572a5c7dcd28f98eb15c6e387a7b3bda1ac2477ab0d9dba8580d5d7b161f,1273
snapshots:
- completed:
    sha256: f5d9002479d87103fd070f17cfe71fcd2147676f1e47a2dabca5ab91a42b846d
    size: 619399
    url: https://raw.githubusercontent.com/commercialhaskell/stackage-snapshots/master/lts/19/23.yaml
  original:
    url: https://raw.githubusercontent.com/commercialhaskell/stackage-snapshots/master/lts/19/23.yaml
